
Microsoft Visual Studio Solution File, Format Version 12.00
# Visual Studio Version 17
VisualStudioVersion = 17.11.35312.102
MinimumVisualStudioVersion = 10.0.40219.1
Project("{FAE04EC0-301F-11D3-BF4B-00C04F79EFBC}") = "WebAPP-with-SQLite-WASM", "WebAPP-with-SQLite-WASM\WebAPP-with-SQLite-WASM\WebAPP-with-SQLite-WASM.csproj", "{1E044C33-33C4-4933-BB6E-DF57E93CDA36}"
EndProject
Project("{FAE04EC0-301F-11D3-BF4B-00C04F79EFBC}") = "WebAPP-with-SQLite-WASM.Client", "WebAPP-with-SQLite-WASM\WebAPP-with-SQLite-WASM.Client\WebAPP-with-SQLite-WASM.Client.csproj", "{0B4DC7DF-A88D-4692-8481-D4FA9A6A0568}"
EndProject
Global
	GlobalSection(SolutionConfigurationPlatforms) = preSolution
		Debug|Any CPU = Debug|Any CPU
		Release|Any CPU = Release|Any CPU
	EndGlobalSection
	GlobalSection(ProjectConfigurationPlatforms) = postSolution
		{1E044C33-33C4-4933-BB6E-DF57E93CDA36}.Debug|Any CPU.ActiveCfg = Debug|Any CPU
		{1E044C33-33C4-4933-BB6E-DF57E93CDA36}.Debug|Any CPU.Build.0 = Debug|Any CPU
		{1E044C33-33C4-4933-BB6E-DF57E93CDA36}.Release|Any CPU.ActiveCfg = Release|Any CPU
		{1E044C33-33C4-4933-BB6E-DF57E93CDA36}.Release|Any CPU.Build.0 = Release|Any CPU
		{0B4DC7DF-A88D-4692-8481-D4FA9A6A0568}.Debug|Any CPU.ActiveCfg = Debug|Any CPU
		{0B4DC7DF-A88D-4692-8481-D4FA9A6A0568}.Debug|Any CPU.Build.0 = Debug|Any CPU
		{0B4DC7DF-A88D-4692-8481-D4FA9A6A0568}.Release|Any CPU.ActiveCfg = Release|Any CPU
		{0B4DC7DF-A88D-4692-8481-D4FA9A6A0568}.Release|Any CPU.Build.0 = Release|Any CPU
	EndGlobalSection
	GlobalSection(SolutionProperties) = preSolution
		HideSolutionNode = FALSE
	EndGlobalSection
	GlobalSection(ExtensibilityGlobals) = postSolution
		SolutionGuid = {7D9BC81E-1A1A-4610-8CF3-BD8C8B84457E}
	EndGlobalSection
EndGlobal
